
Microsoft Visual Studio Solution File, Format Version 12.00
# Visual Studio Version 17
VisualStudioVersion = 17.6.33829.357
MinimumVisualStudioVersion = 10.0.40219.1
Project("{FAE04EC0-301F-11D3-BF4B-00C04F79EFBC}") = "DesignPatternsProject", "DesignPatternsProject\DesignPatternsProject.csproj", "{BCC5FA5E-A13D-41A1-A539-1EC009E7ABDB}"
EndProject
Global
	GlobalSection(SolutionConfigurationPlatforms) = preSolution
		Debug|Any CPU = Debug|Any CPU
		Release|Any CPU = Release|Any CPU
	EndGlobalSection
	GlobalSection(ProjectConfigurationPlatforms) = postSolution
		{BCC5FA5E-A13D-41A1-A539-1EC009E7ABDB}.Debug|Any CPU.ActiveCfg = Debug|Any CPU
		{BCC5FA5E-A13D-41A1-A539-1EC009E7ABDB}.Debug|Any CPU.Build.0 = Debug|Any CPU
		{BCC5FA5E-A13D-41A1-A539-1EC009E7ABDB}.Release|Any CPU.ActiveCfg = Release|Any CPU
		{BCC5FA5E-A13D-41A1-A539-1EC009E7ABDB}.Release|Any CPU.Build.0 = Release|Any CPU
	EndGlobalSection
	GlobalSection(SolutionProperties) = preSolution
		HideSolutionNode = FALSE
	EndGlobalSection
	GlobalSection(ExtensibilityGlobals) = postSolution
		SolutionGuid = {B532672C-8B7D-4DCD-9D6E-CAA8906CF318}
	EndGlobalSection
EndGlobal
